
Microsoft Visual Studio Solution File, Format Version 12.00
# Visual Studio Version 17
VisualStudioVersion = 17.5.33424.131
MinimumVisualStudioVersion = 10.0.40219.1
Project("{FAE04EC0-301F-11D3-BF4B-00C04F79EFBC}") = "CadastrarAluno", "CadastrarAluno\CadastrarAluno.csproj", "{8858E964-B893-4BBF-8BBD-B9BB2AC19BD6}"
EndProject
Global
	GlobalSection(SolutionConfigurationPlatforms) = preSolution
		Debug|Any CPU = Debug|Any CPU
		Release|Any CPU = Release|Any CPU
	EndGlobalSection
	GlobalSection(ProjectConfigurationPlatforms) = postSolution
		{8858E964-B893-4BBF-8BBD-B9BB2AC19BD6}.Debug|Any CPU.ActiveCfg = Debug|Any CPU
		{8858E964-B893-4BBF-8BBD-B9BB2AC19BD6}.Debug|Any CPU.Build.0 = Debug|Any CPU
		{8858E964-B893-4BBF-8BBD-B9BB2AC19BD6}.Release|Any CPU.ActiveCfg = Release|Any CPU
		{8858E964-B893-4BBF-8BBD-B9BB2AC19BD6}.Release|Any CPU.Build.0 = Release|Any CPU
	EndGlobalSection
	GlobalSection(SolutionProperties) = preSolution
		HideSolutionNode = FALSE
	EndGlobalSection
	GlobalSection(ExtensibilityGlobals) = postSolution
		SolutionGuid = {9F063066-7570-47DF-A0F4-74D0F610A2DA}
	EndGlobalSection
EndGlobal
